
Microsoft Visual Studio Solution File, Format Version 12.00
# Visual Studio 14
VisualStudioVersion = 14.0.25420.1
MinimumVisualStudioVersion = 10.0.40219.1
Project("{FAE04EC0-301F-11D3-BF4B-00C04F79EFBC}") = "L5K_Compiler", "L5K_Compiler\L5K_Compiler.csproj", "{1C964104-2A6A-4B1A-9CCA-4184722CFE9F}"
EndProject
Global
	GlobalSection(SolutionConfigurationPlatforms) = preSolution
		Debug|Any CPU = Debug|Any CPU
		Release|Any CPU = Release|Any CPU
	EndGlobalSection
	GlobalSection(ProjectConfigurationPlatforms) = postSolution
		{1C964104-2A6A-4B1A-9CCA-4184722CFE9F}.Debug|Any CPU.ActiveCfg = Debug|Any CPU
		{1C964104-2A6A-4B1A-9CCA-4184722CFE9F}.Debug|Any CPU.Build.0 = Debug|Any CPU
		{1C964104-2A6A-4B1A-9CCA-4184722CFE9F}.Release|Any CPU.ActiveCfg = Release|Any CPU
		{1C964104-2A6A-4B1A-9CCA-4184722CFE9F}.Release|Any CPU.Build.0 = Release|Any CPU
	EndGlobalSection
	GlobalSection(SolutionProperties) = preSolution
		HideSolutionNode = FALSE
	EndGlobalSection
EndGlobal
